
Microsoft Visual Studio Solution File, Format Version 12.00
# Visual Studio 15
VisualStudioVersion = 15.0.27428.2011
MinimumVisualStudioVersion = 10.0.40219.1
Project("{FAE04EC0-301F-11D3-BF4B-00C04F79EFBC}") = "WeatherAPI", "WeatherAPI\WeatherAPI.csproj", "{B7847825-7831-40B2-9E04-5A929909C20E}"
EndProject
Global
	GlobalSection(SolutionConfigurationPlatforms) = preSolution
		Debug|ARM = Debug|ARM
		Debug|x64 = Debug|x64
		Debug|x86 = Debug|x86
		Release|ARM = Release|ARM
		Release|x64 = Release|x64
		Release|x86 = Release|x86
	EndGlobalSection
	GlobalSection(ProjectConfigurationPlatforms) = postSolution
		{B7847825-7831-40B2-9E04-5A929909C20E}.Debug|ARM.ActiveCfg = Debug|ARM
		{B7847825-7831-40B2-9E04-5A929909C20E}.Debug|ARM.Build.0 = Debug|ARM
		{B7847825-7831-40B2-9E04-5A929909C20E}.Debug|ARM.Deploy.0 = Debug|ARM
		{B7847825-7831-40B2-9E04-5A929909C20E}.Debug|x64.ActiveCfg = Debug|x64
		{B7847825-7831-40B2-9E04-5A929909C20E}.Debug|x64.Build.0 = Debug|x64
		{B7847825-7831-40B2-9E04-5A929909C20E}.Debug|x64.Deploy.0 = Debug|x64
		{B7847825-7831-40B2-9E04-5A929909C20E}.Debug|x86.ActiveCfg = Debug|x86
		{B7847825-7831-40B2-9E04-5A929909C20E}.Debug|x86.Build.0 = Debug|x86
		{B7847825-7831-40B2-9E04-5A929909C20E}.Debug|x86.Deploy.0 = Debug|x86
		{B7847825-7831-40B2-9E04-5A929909C20E}.Release|ARM.ActiveCfg = Release|ARM
		{B7847825-7831-40B2-9E04-5A929909C20E}.Release|ARM.Build.0 = Release|ARM
		{B7847825-7831-40B2-9E04-5A929909C20E}.Release|ARM.Deploy.0 = Release|ARM
		{B7847825-7831-40B2-9E04-5A929909C20E}.Release|x64.ActiveCfg = Release|x64
		{B7847825-7831-40B2-9E04-5A929909C20E}.Release|x64.Build.0 = Release|x64
		{B7847825-7831-40B2-9E04-5A929909C20E}.Release|x64.Deploy.0 = Release|x64
		{B7847825-7831-40B2-9E04-5A929909C20E}.Release|x86.ActiveCfg = Release|x86
		{B7847825-7831-40B2-9E04-5A929909C20E}.Release|x86.Build.0 = Release|x86
		{B7847825-7831-40B2-9E04-5A929909C20E}.Release|x86.Deploy.0 = Release|x86
	EndGlobalSection
	GlobalSection(SolutionProperties) = preSolution
		HideSolutionNode = FALSE
	EndGlobalSection
	GlobalSection(ExtensibilityGlobals) = postSolution
		SolutionGuid = {0240C8F7-0737-4667-B199-000A1A6782B0}
	EndGlobalSection
EndGlobal
